<?xml version="1.0" encoding="utf-8"?>
<Project ToolsVersion="4.0" xmlns="http://schemas.microsoft.com/developer/msbuild/2003">
  <ItemGroup>
    <Filter Include="src">
      <UniqueIdentifier>{4c31c1ca-55e6-45b1-bfe3-47b5002d213d}</UniqueIdentifier>
    </Filter>
  </ItemGroup>
  <ItemGroup>
    <ClInclude Include="src\flx_api.h">
      <Filter>src</Filter>
    </ClInclude>
    <ClInclude Include="src\intmanager.h">
      <Filter>src</Filter>
    </ClInclude>
  </ItemGroup>
  <ItemGroup>
    <ClCompile Include="src\intmanager.cpp">
      <Filter>src</Filter>
    </ClCompile>
  </ItemGroup>
</Project>